{
  "name": "@zhuOrg/mergetest",
  "version": "1.0.0",
  "lockfileVersion": 1,
  "requires": true,
  "dependencies": {
    "@zhuorg/customepack": {
      "version": "1.0.0",
      "resolved": "https://npm.pkg.github.com/download/@zhuorg/customepack/1.0.0/1c01b62efb0a7bdeb7780f95222adb4a4cf3f56fd3c0a36ffdea3d0c8c1cd4f7",
      "integrity": "sha512-L4cCFGUCf9ZImN55lzntFdljjVJ8Yff7Kq3n40oM+aNQUh8msGi9fwaPziK17sKy3o0ksF3y0KliwgKAbq68wQ=="
    },
    "@zhuorg/yannpm": {
      "version": "1.0.2",
      "resolved": "https://npm.pkg.github.com/download/@zhuorg/yannpm/1.0.2/c90a552b3b4eb304f142f87f3e0b163cb190c0078a38264ee603284ad225ccb0",
      "integrity": "sha512-0/dg/pAo+ez7K59oqJdoOuHqlOzbWDkXIC8sIm4K4moU1Bd1O2gD+ZsQqygHDULzleV0hAMr5oQnyX/FmXIeCA=="
    },
    "foo": {
      "version": "1.0.0",
      "resolved": "https://registry.npmjs.org/foo/-/foo-1.0.0.tgz",
      "integrity": "sha1-lD4OwD3wDr62JzpblLkWulS0dYE="
    }
  }
}
